
Microsoft Visual Studio Solution File, Format Version 10.00
# Visual Studio 2008
Project("{8BC9CEB8-8B4A-11D0-8D11-00A0C91BC942}") = "Contlist", "Contlist.vcproj", "{B57C70C1-9299-4DE0-9229-D646DF3C9D68}"
EndProject
Global
	GlobalSection(SolutionConfigurationPlatforms) = preSolution
		Debug|Win32 = Debug|Win32
		Release|Win32 = Release|Win32
	EndGlobalSection
	GlobalSection(ProjectConfigurationPlatforms) = postSolution
		{B57C70C1-9299-4DE0-9229-D646DF3C9D68}.Debug|Win32.ActiveCfg = Debug|Win32
		{B57C70C1-9299-4DE0-9229-D646DF3C9D68}.Debug|Win32.Build.0 = Debug|Win32
		{B57C70C1-9299-4DE0-9229-D646DF3C9D68}.Release|Win32.ActiveCfg = Release|Win32
		{B57C70C1-9299-4DE0-9229-D646DF3C9D68}.Release|Win32.Build.0 = Release|Win32
	EndGlobalSection
	GlobalSection(SolutionProperties) = preSolution
		HideSolutionNode = FALSE
	EndGlobalSection
EndGlobal
